
Microsoft Visual Studio Solution File, Format Version 12.00
# Visual Studio Version 16
VisualStudioVersion = 16.0.29613.14
MinimumVisualStudioVersion = 10.0.40219.1
Project("{FAE04EC0-301F-11D3-BF4B-00C04F79EFBC}") = "denemeDörtİşlem", "denemeDörtİşlem.csproj", "{2CED4ACD-069A-449A-8372-0482FD065810}"
EndProject
Global
	GlobalSection(SolutionConfigurationPlatforms) = preSolution
		Debug|Any CPU = Debug|Any CPU
		Release|Any CPU = Release|Any CPU
	EndGlobalSection
	GlobalSection(ProjectConfigurationPlatforms) = postSolution
		{2CED4ACD-069A-449A-8372-0482FD065810}.Debug|Any CPU.ActiveCfg = Debug|Any CPU
		{2CED4ACD-069A-449A-8372-0482FD065810}.Debug|Any CPU.Build.0 = Debug|Any CPU
		{2CED4ACD-069A-449A-8372-0482FD065810}.Release|Any CPU.ActiveCfg = Release|Any CPU
		{2CED4ACD-069A-449A-8372-0482FD065810}.Release|Any CPU.Build.0 = Release|Any CPU
	EndGlobalSection
	GlobalSection(SolutionProperties) = preSolution
		HideSolutionNode = FALSE
	EndGlobalSection
	GlobalSection(ExtensibilityGlobals) = postSolution
		SolutionGuid = {34B637F0-12B0-4D92-B980-F18B690352F0}
	EndGlobalSection
EndGlobal
