
Microsoft Visual Studio Solution File, Format Version 12.00
# Visual Studio Version 16
VisualStudioVersion = 16.0.29613.14
MinimumVisualStudioVersion = 10.0.40219.1
Project("{FAE04EC0-301F-11D3-BF4B-00C04F79EFBC}") = "denemeProje", "denemeProje.csproj", "{A9787409-5EC6-47A2-8562-74C7FAE1FDFA}"
EndProject
Global
	GlobalSection(SolutionConfigurationPlatforms) = preSolution
		Debug|Any CPU = Debug|Any CPU
		Release|Any CPU = Release|Any CPU
	EndGlobalSection
	GlobalSection(ProjectConfigurationPlatforms) = postSolution
		{A9787409-5EC6-47A2-8562-74C7FAE1FDFA}.Debug|Any CPU.ActiveCfg = Debug|Any CPU
		{A9787409-5EC6-47A2-8562-74C7FAE1FDFA}.Debug|Any CPU.Build.0 = Debug|Any CPU
		{A9787409-5EC6-47A2-8562-74C7FAE1FDFA}.Release|Any CPU.ActiveCfg = Release|Any CPU
		{A9787409-5EC6-47A2-8562-74C7FAE1FDFA}.Release|Any CPU.Build.0 = Release|Any CPU
	EndGlobalSection
	GlobalSection(SolutionProperties) = preSolution
		HideSolutionNode = FALSE
	EndGlobalSection
	GlobalSection(ExtensibilityGlobals) = postSolution
		SolutionGuid = {BEFB1A00-7371-49EA-9979-3D3E369B95F1}
	EndGlobalSection
EndGlobal
