
Microsoft Visual Studio Solution File, Format Version 12.00
# Visual Studio Version 16
VisualStudioVersion = 16.0.29613.14
MinimumVisualStudioVersion = 10.0.40219.1
Project("{FAE04EC0-301F-11D3-BF4B-00C04F79EFBC}") = "WebApplication6", "WebApplication6\WebApplication6.csproj", "{A720E72E-1684-413D-BFDD-FC96F76A17BA}"
EndProject
Global
	GlobalSection(SolutionConfigurationPlatforms) = preSolution
		Debug|Any CPU = Debug|Any CPU
		Release|Any CPU = Release|Any CPU
	EndGlobalSection
	GlobalSection(ProjectConfigurationPlatforms) = postSolution
		{A720E72E-1684-413D-BFDD-FC96F76A17BA}.Debug|Any CPU.ActiveCfg = Debug|Any CPU
		{A720E72E-1684-413D-BFDD-FC96F76A17BA}.Debug|Any CPU.Build.0 = Debug|Any CPU
		{A720E72E-1684-413D-BFDD-FC96F76A17BA}.Release|Any CPU.ActiveCfg = Release|Any CPU
		{A720E72E-1684-413D-BFDD-FC96F76A17BA}.Release|Any CPU.Build.0 = Release|Any CPU
	EndGlobalSection
	GlobalSection(SolutionProperties) = preSolution
		HideSolutionNode = FALSE
	EndGlobalSection
	GlobalSection(ExtensibilityGlobals) = postSolution
		SolutionGuid = {47132234-1C1B-4CC0-90F2-E89AE2CB5DDE}
	EndGlobalSection
EndGlobal
