
Microsoft Visual Studio Solution File, Format Version 12.00
# Visual Studio Version 16
VisualStudioVersion = 16.0.29613.14
MinimumVisualStudioVersion = 10.0.40219.1
Project("{FAE04EC0-301F-11D3-BF4B-00C04F79EFBC}") = "htmlSablon", "htmlSablon.csproj", "{E6EF7B8E-277E-4D48-8550-9395F292C76C}"
EndProject
Global
	GlobalSection(SolutionConfigurationPlatforms) = preSolution
		Debug|Any CPU = Debug|Any CPU
		Release|Any CPU = Release|Any CPU
	EndGlobalSection
	GlobalSection(ProjectConfigurationPlatforms) = postSolution
		{E6EF7B8E-277E-4D48-8550-9395F292C76C}.Debug|Any CPU.ActiveCfg = Debug|Any CPU
		{E6EF7B8E-277E-4D48-8550-9395F292C76C}.Debug|Any CPU.Build.0 = Debug|Any CPU
		{E6EF7B8E-277E-4D48-8550-9395F292C76C}.Release|Any CPU.ActiveCfg = Release|Any CPU
		{E6EF7B8E-277E-4D48-8550-9395F292C76C}.Release|Any CPU.Build.0 = Release|Any CPU
	EndGlobalSection
	GlobalSection(SolutionProperties) = preSolution
		HideSolutionNode = FALSE
	EndGlobalSection
	GlobalSection(ExtensibilityGlobals) = postSolution
		SolutionGuid = {F3BF5776-0A57-412E-A705-51B4DC6FD2DD}
	EndGlobalSection
EndGlobal
