
Microsoft Visual Studio Solution File, Format Version 12.00
# Visual Studio Version 16
VisualStudioVersion = 16.0.30330.147
MinimumVisualStudioVersion = 10.0.40219.1
Project("{FAE04EC0-301F-11D3-BF4B-00C04F79EFBC}") = "denemeLoginGibiBirşey", "denemeLoginGibiBirşey.csproj", "{18312FF4-9E14-4E31-9EDE-863CC1AA206A}"
EndProject
Global
	GlobalSection(SolutionConfigurationPlatforms) = preSolution
		Debug|Any CPU = Debug|Any CPU
		Release|Any CPU = Release|Any CPU
	EndGlobalSection
	GlobalSection(ProjectConfigurationPlatforms) = postSolution
		{18312FF4-9E14-4E31-9EDE-863CC1AA206A}.Debug|Any CPU.ActiveCfg = Debug|Any CPU
		{18312FF4-9E14-4E31-9EDE-863CC1AA206A}.Debug|Any CPU.Build.0 = Debug|Any CPU
		{18312FF4-9E14-4E31-9EDE-863CC1AA206A}.Release|Any CPU.ActiveCfg = Release|Any CPU
		{18312FF4-9E14-4E31-9EDE-863CC1AA206A}.Release|Any CPU.Build.0 = Release|Any CPU
	EndGlobalSection
	GlobalSection(SolutionProperties) = preSolution
		HideSolutionNode = FALSE
	EndGlobalSection
	GlobalSection(ExtensibilityGlobals) = postSolution
		SolutionGuid = {38D29BBF-DE93-4284-9D84-8787F3AE7FB1}
	EndGlobalSection
EndGlobal
