
Microsoft Visual Studio Solution File, Format Version 12.00
# Visual Studio Version 16
VisualStudioVersion = 16.0.29613.14
MinimumVisualStudioVersion = 10.0.40219.1
Project("{FAE04EC0-301F-11D3-BF4B-00C04F79EFBC}") = "denemeDöngüler", "denemeDöngüler.csproj", "{6042C8A9-38E2-451D-A5E5-4F2F49B21A87}"
EndProject
Global
	GlobalSection(SolutionConfigurationPlatforms) = preSolution
		Debug|Any CPU = Debug|Any CPU
		Release|Any CPU = Release|Any CPU
	EndGlobalSection
	GlobalSection(ProjectConfigurationPlatforms) = postSolution
		{6042C8A9-38E2-451D-A5E5-4F2F49B21A87}.Debug|Any CPU.ActiveCfg = Debug|Any CPU
		{6042C8A9-38E2-451D-A5E5-4F2F49B21A87}.Debug|Any CPU.Build.0 = Debug|Any CPU
		{6042C8A9-38E2-451D-A5E5-4F2F49B21A87}.Release|Any CPU.ActiveCfg = Release|Any CPU
		{6042C8A9-38E2-451D-A5E5-4F2F49B21A87}.Release|Any CPU.Build.0 = Release|Any CPU
	EndGlobalSection
	GlobalSection(SolutionProperties) = preSolution
		HideSolutionNode = FALSE
	EndGlobalSection
	GlobalSection(ExtensibilityGlobals) = postSolution
		SolutionGuid = {FEEB2401-CCFA-4158-B929-C9C0AB32227D}
	EndGlobalSection
EndGlobal
